{
  "name": "@proxtx/material",
  "version": "1.0.851",
  "lockfileVersion": 2,
  "requires": true,
  "packages": {
    "": {
      "name": "@proxtx/material",
      "version": "1.0.851",
      "license": "MIT",
      "dependencies": {
        "@proxtx/uibuilder": "^1.1.21"
      }
    },
    "node_modules/@proxtx/uibuilder": {
      "version": "1.1.21",
      "resolved": "https://registry.npmjs.org/@proxtx/uibuilder/-/uibuilder-1.1.21.tgz",
      "integrity": "sha512-7oBhUz7srYHDeTDAkG0DFaOV5nIHbN6eogvBVreldGNq60eymmlE3nkGD8c7Wqb/XsK6VSm0iHcrrSslZPZkkQ=="
    }
  },
  "dependencies": {
    "@proxtx/uibuilder": {
      "version": "1.1.21",
      "resolved": "https://registry.npmjs.org/@proxtx/uibuilder/-/uibuilder-1.1.21.tgz",
      "integrity": "sha512-7oBhUz7srYHDeTDAkG0DFaOV5nIHbN6eogvBVreldGNq60eymmlE3nkGD8c7Wqb/XsK6VSm0iHcrrSslZPZkkQ=="
    }
  }
}
