{
  "name": "material",
  "version": "1.0.0",
  "lockfileVersion": 2,
  "requires": true,
  "packages": {
    "": {
      "name": "material",
      "version": "1.0.0",
      "license": "MIT",
      "dependencies": {
        "@proxtx/uibuilder": "^1.0.3"
      }
    },
    "node_modules/@proxtx/uibuilder": {
      "version": "1.0.3",
      "resolved": "https://registry.npmjs.org/@proxtx/uibuilder/-/uibuilder-1.0.3.tgz",
      "integrity": "sha512-KcujYIicV4AjX6lxnTBSg4GyndF/1jC9WcW335mb8rjZ2PgrMMTU6uR3oT49KpYvptjXZlQi9P5DH7OZiQl+bg=="
    }
  },
  "dependencies": {
    "@proxtx/uibuilder": {
      "version": "1.0.3",
      "resolved": "https://registry.npmjs.org/@proxtx/uibuilder/-/uibuilder-1.0.3.tgz",
      "integrity": "sha512-KcujYIicV4AjX6lxnTBSg4GyndF/1jC9WcW335mb8rjZ2PgrMMTU6uR3oT49KpYvptjXZlQi9P5DH7OZiQl+bg=="
    }
  }
}
