{
  "name": "@proxtx/material",
  "version": "1.0.7",
  "lockfileVersion": 2,
  "requires": true,
  "packages": {
    "": {
      "name": "@proxtx/material",
      "version": "1.0.7",
      "license": "MIT",
      "dependencies": {
        "@proxtx/uibuilder": "^1.1.1"
      }
    },
    "node_modules/@proxtx/uibuilder": {
      "version": "1.1.1",
      "resolved": "https://registry.npmjs.org/@proxtx/uibuilder/-/uibuilder-1.1.1.tgz",
      "integrity": "sha512-3qlXcLlvuj724xPmf6+F4+LYaVqqZgOhiWS+S8NBtIqZQjNLtcazGIyp3CdpSnoxkvloNrJivSychoap0v7ytg=="
    }
  },
  "dependencies": {
    "@proxtx/uibuilder": {
      "version": "1.1.1",
      "resolved": "https://registry.npmjs.org/@proxtx/uibuilder/-/uibuilder-1.1.1.tgz",
      "integrity": "sha512-3qlXcLlvuj724xPmf6+F4+LYaVqqZgOhiWS+S8NBtIqZQjNLtcazGIyp3CdpSnoxkvloNrJivSychoap0v7ytg=="
    }
  }
}
